
Microsoft Visual Studio Solution File, Format Version 12.00
# Visual Studio Version 17
VisualStudioVersion = 17.10.34916.146
MinimumVisualStudioVersion = 10.0.40219.1
Project("{FAE04EC0-301F-11D3-BF4B-00C04F79EFBC}") = "ONESTOPEVENTS", "ONESTOPEVENTS\ONESTOPEVENTS.csproj", "{05FBF7BB-3023-481D-8D59-96919734EC43}"
EndProject
Global
	GlobalSection(SolutionConfigurationPlatforms) = preSolution
		Debug|Any CPU = Debug|Any CPU
		Release|Any CPU = Release|Any CPU
	EndGlobalSection
	GlobalSection(ProjectConfigurationPlatforms) = postSolution
		{05FBF7BB-3023-481D-8D59-96919734EC43}.Debug|Any CPU.ActiveCfg = Debug|Any CPU
		{05FBF7BB-3023-481D-8D59-96919734EC43}.Debug|Any CPU.Build.0 = Debug|Any CPU
		{05FBF7BB-3023-481D-8D59-96919734EC43}.Release|Any CPU.ActiveCfg = Release|Any CPU
		{05FBF7BB-3023-481D-8D59-96919734EC43}.Release|Any CPU.Build.0 = Release|Any CPU
	EndGlobalSection
	GlobalSection(SolutionProperties) = preSolution
		HideSolutionNode = FALSE
	EndGlobalSection
	GlobalSection(ExtensibilityGlobals) = postSolution
		SolutionGuid = {BFCB971F-54F1-42D3-94F1-896F2092F198}
	EndGlobalSection
EndGlobal
